
Microsoft Visual Studio Solution File, Format Version 12.00
# Visual Studio Version 16
VisualStudioVersion = 16.0.31025.194
MinimumVisualStudioVersion = 10.0.40219.1
Project("{FAE04EC0-301F-11D3-BF4B-00C04F79EFBC}") = "ShopKA", "ShopKA\ShopKA.csproj", "{C027F1F0-C435-4E95-A70E-F10F54C1E0E7}"
EndProject
Project("{FAE04EC0-301F-11D3-BF4B-00C04F79EFBC}") = "DataBase", "Data\DataBase.csproj", "{25F6B013-58B6-4490-9906-E11426C4E493}"
EndProject
Global
	GlobalSection(SolutionConfigurationPlatforms) = preSolution
		Debug|Any CPU = Debug|Any CPU
		Release|Any CPU = Release|Any CPU
	EndGlobalSection
	GlobalSection(ProjectConfigurationPlatforms) = postSolution
		{C027F1F0-C435-4E95-A70E-F10F54C1E0E7}.Debug|Any CPU.ActiveCfg = Debug|Any CPU
		{C027F1F0-C435-4E95-A70E-F10F54C1E0E7}.Debug|Any CPU.Build.0 = Debug|Any CPU
		{C027F1F0-C435-4E95-A70E-F10F54C1E0E7}.Release|Any CPU.ActiveCfg = Release|Any CPU
		{C027F1F0-C435-4E95-A70E-F10F54C1E0E7}.Release|Any CPU.Build.0 = Release|Any CPU
		{25F6B013-58B6-4490-9906-E11426C4E493}.Debug|Any CPU.ActiveCfg = Debug|Any CPU
		{25F6B013-58B6-4490-9906-E11426C4E493}.Debug|Any CPU.Build.0 = Debug|Any CPU
		{25F6B013-58B6-4490-9906-E11426C4E493}.Release|Any CPU.ActiveCfg = Release|Any CPU
		{25F6B013-58B6-4490-9906-E11426C4E493}.Release|Any CPU.Build.0 = Release|Any CPU
	EndGlobalSection
	GlobalSection(SolutionProperties) = preSolution
		HideSolutionNode = FALSE
	EndGlobalSection
	GlobalSection(ExtensibilityGlobals) = postSolution
		SolutionGuid = {079E2E78-C2BE-4098-B170-71EBF4DB37B4}
	EndGlobalSection
EndGlobal
